// !$*UTF8*$!
{
	archiveVersion = 1;
	classes = {
	};
	objectVersion = 50;
	objects = {

/* Begin PBXBuildFile section */
		0BBD875EEA1FC4433F40E02A /* Pods_FinWS.framework in Frameworks */ = {isa = PBXBuildFile; fileRef = 63F8B6C4DD569AD6C04837E6 /* Pods_FinWS.framework */; };
		7ADD013F227B8BFB00F87953 /* DataStream.swift in Sources */ = {isa = PBXBuildFile; fileRef = 7ADD013E227B8BFB00F87953 /* DataStream.swift */; };
		7AF651682250F7A000C7DAB9 /* AppDelegate.swift in Sources */ = {isa = PBXBuildFile; fileRef = 7AF651672250F7A000C7DAB9 /* AppDelegate.swift */; };
		7AF6516A2250F7A000C7DAB9 /* ViewController.swift in Sources */ = {isa = PBXBuildFile; fileRef = 7AF651692250F7A000C7DAB9 /* ViewController.swift */; };
		7AF6516D2250F7A000C7DAB9 /* Main.storyboard in Resources */ = {isa = PBXBuildFile; fileRef = 7AF6516B2250F7A000C7DAB9 /* Main.storyboard */; };
		7AF6516F2250F7A000C7DAB9 /* Assets.xcassets in Resources */ = {isa = PBXBuildFile; fileRef = 7AF6516E2250F7A000C7DAB9 /* Assets.xcassets */; };
		7AF651722250F7A000C7DAB9 /* LaunchScreen.storyboard in Resources */ = {isa = PBXBuildFile; fileRef = 7AF651702250F7A000C7DAB9 /* LaunchScreen.storyboard */; };
/* End PBXBuildFile section */

/* Begin PBXFileReference section */
		12E0C7D4255E6D62CBE73B2B /* Pods-FinWS.release.xcconfig */ = {isa = PBXFileReference; includeInIndex = 1; lastKnownFileType = text.xcconfig; name = "Pods-FinWS.release.xcconfig"; path = "Pods/Target Support Files/Pods-FinWS/Pods-FinWS.release.xcconfig"; sourceTree = "<group>"; };
		63F8B6C4DD569AD6C04837E6 /* Pods_FinWS.framework */ = {isa = PBXFileReference; explicitFileType = wrapper.framework; includeInIndex = 0; path = Pods_FinWS.framework; sourceTree = BUILT_PRODUCTS_DIR; };
		7ADD013E227B8BFB00F87953 /* DataStream.swift */ = {isa = PBXFileReference; lastKnownFileType = sourcecode.swift; path = DataStream.swift; sourceTree = "<group>"; };
		7AF651642250F7A000C7DAB9 /* FinWS.app */ = {isa = PBXFileReference; explicitFileType = wrapper.application; includeInIndex = 0; path = FinWS.app; sourceTree = BUILT_PRODUCTS_DIR; };
		7AF651672250F7A000C7DAB9 /* AppDelegate.swift */ = {isa = PBXFileReference; lastKnownFileType = sourcecode.swift; path = AppDelegate.swift; sourceTree = "<group>"; };
		7AF651692250F7A000C7DAB9 /* ViewController.swift */ = {isa = PBXFileReference; lastKnownFileType = sourcecode.swift; path = ViewController.swift; sourceTree = "<group>"; };
		7AF6516C2250F7A000C7DAB9 /* Base */ = {isa = PBXFileReference; lastKnownFileType = file.storyboard; name = Base; path = Base.lproj/Main.storyboard; sourceTree = "<group>"; };
		7AF6516E2250F7A000C7DAB9 /* Assets.xcassets */ = {isa = PBXFileReference; lastKnownFileType = folder.assetcatalog; path = Assets.xcassets; sourceTree = "<group>"; };
		7AF651712250F7A000C7DAB9 /* Base */ = {isa = PBXFileReference; lastKnownFileType = file.storyboard; name = Base; path = Base.lproj/LaunchScreen.storyboard; sourceTree = "<group>"; };
		7AF651732250F7A000C7DAB9 /* Info.plist */ = {isa = PBXFileReference; lastKnownFileType = text.plist.xml; path = Info.plist; sourceTree = "<group>"; };
		F86D8CDC7389D7D4CFBE4A37 /* Pods-FinWS.debug.xcconfig */ = {isa = PBXFileReference; includeInIndex = 1; lastKnownFileType = text.xcconfig; name = "Pods-FinWS.debug.xcconfig"; path = "Pods/Target Support Files/Pods-FinWS/Pods-FinWS.debug.xcconfig"; sourceTree = "<group>"; };
/* End PBXFileReference section */

/* Begin PBXFrameworksBuildPhase section */
		7AF651612250F7A000C7DAB9 /* Frameworks */ = {
			isa = PBXFrameworksBuildPhase;
			buildActionMask = 2147483647;
			files = (
				0BBD875EEA1FC4433F40E02A /* Pods_FinWS.framework in Frameworks */,
			);
			runOnlyForDeploymentPostprocessing = 0;
		};
/* End PBXFrameworksBuildPhase section */

/* Begin PBXGroup section */
		1DEB185E7D6780E87E55A9FB /* Pods */ = {
			isa = PBXGroup;
			children = (
				F86D8CDC7389D7D4CFBE4A37 /* Pods-FinWS.debug.xcconfig */,
				12E0C7D4255E6D62CBE73B2B /* Pods-FinWS.release.xcconfig */,
			);
			name = Pods;
			sourceTree = "<group>";
		};
		7AF6515B2250F7A000C7DAB9 = {
			isa = PBXGroup;
			children = (
				7AF651662250F7A000C7DAB9 /* FinWS */,
				7AF651652250F7A000C7DAB9 /* Products */,
				1DEB185E7D6780E87E55A9FB /* Pods */,
				8B07B0034D54E94C13B88FEC /* Frameworks */,
			);
			sourceTree = "<group>";
		};
		7AF651652250F7A000C7DAB9 /* Products */ = {
			isa = PBXGroup;
			children = (
				7AF651642250F7A000C7DAB9 /* FinWS.app */,
			);
			name = Products;
			sourceTree = "<group>";
		};
		7AF651662250F7A000C7DAB9 /* FinWS */ = {
			isa = PBXGroup;
			children = (
				7AF651672250F7A000C7DAB9 /* AppDelegate.swift */,
				7AF651692250F7A000C7DAB9 /* ViewController.swift */,
				7ADD013E227B8BFB00F87953 /* DataStream.swift */,
				7AF6516B2250F7A000C7DAB9 /* Main.storyboard */,
				7AF6516E2250F7A000C7DAB9 /* Assets.xcassets */,
				7AF651702250F7A000C7DAB9 /* LaunchScreen.storyboard */,
				7AF651732250F7A000C7DAB9 /* Info.plist */,
			);
			path = FinWS;
			sourceTree = "<group>";
		};
		8B07B0034D54E94C13B88FEC /* Frameworks */ = {
			isa = PBXGroup;
			children = (
				63F8B6C4DD569AD6C04837E6 /* Pods_FinWS.framework */,
			);
			name = Frameworks;
			sourceTree = "<group>";
		};
/* End PBXGroup section */

/* Begin PBXNativeTarget section */
		7AF651632250F7A000C7DAB9 /* FinWS */ = {
			isa = PBXNativeTarget;
			buildConfigurationList = 7AF651762250F7A000C7DAB9 /* Build configuration list for PBXNativeTarget "FinWS" */;
			buildPhases = (
				16243F7A8A43693F10645547 /* [CP] Check Pods Manifest.lock */,
				7AF651602250F7A000C7DAB9 /* Sources */,
				7AF651612250F7A000C7DAB9 /* Frameworks */,
				7AF651622250F7A000C7DAB9 /* Resources */,
			);
			buildRules = (
			);
			dependencies = (
			);
			name = FinWS;
			productName = FinWS;
			productReference = 7AF651642250F7A000C7DAB9 /* FinWS.app */;
			productType = "com.apple.product-type.application";
		};
/* End PBXNativeTarget section */

/* Begin PBXProject section */
		7AF6515C2250F7A000C7DAB9 /* Project object */ = {
			isa = PBXProject;
			attributes = {
				LastSwiftUpdateCheck = 1010;
				LastUpgradeCheck = 1010;
				ORGANIZATIONNAME = Madison;
				TargetAttributes = {
					7AF651632250F7A000C7DAB9 = {
						CreatedOnToolsVersion = 10.1;
					};
				};
			};
			buildConfigurationList = 7AF6515F2250F7A000C7DAB9 /* Build configuration list for PBXProject "FinWS" */;
			compatibilityVersion = "Xcode 9.3";
			developmentRegion = en;
			hasScannedForEncodings = 0;
			knownRegions = (
				en,
				Base,
			);
			mainGroup = 7AF6515B2250F7A000C7DAB9;
			productRefGroup = 7AF651652250F7A000C7DAB9 /* Products */;
			projectDirPath = "";
			projectRoot = "";
			targets = (
				7AF651632250F7A000C7DAB9 /* FinWS */,
			);
		};
/* End PBXProject section */

/* Begin PBXResourcesBuildPhase section */
		7AF651622250F7A000C7DAB9 /* Resources */ = {
			isa = PBXResourcesBuildPhase;
			buildActionMask = 2147483647;
			files = (
				7AF651722250F7A000C7DAB9 /* LaunchScreen.storyboard in Resources */,
				7AF6516F2250F7A000C7DAB9 /* Assets.xcassets in Resources */,
				7AF6516D2250F7A000C7DAB9 /* Main.storyboard in Resources */,
			);
			runOnlyForDeploymentPostprocessing = 0;
		};
/* End PBXResourcesBuildPhase section */

/* Begin PBXShellScriptBuildPhase section */
		16243F7A8A43693F10645547 /* [CP] Check Pods Manifest.lock */ = {
			isa = PBXShellScriptBuildPhase;
			buildActionMask = 2147483647;
			files = (
			);
			inputFileListPaths = (
			);
			inputPaths = (
				"${PODS_PODFILE_DIR_PATH}/Podfile.lock",
				"${PODS_ROOT}/Manifest.lock",
			);
			name = "[CP] Check Pods Manifest.lock";
			outputFileListPaths = (
			);
			outputPaths = (
				"$(DERIVED_FILE_DIR)/Pods-FinWS-checkManifestLockResult.txt",
			);
			runOnlyForDeploymentPostprocessing = 0;
			shellPath = /bin/sh;
			shellScript = "diff \"${PODS_PODFILE_DIR_PATH}/Podfile.lock\" \"${PODS_ROOT}/Manifest.lock\" > /dev/null\nif [ $? != 0 ] ; then\n    # print error to STDERR\n    echo \"error: The sandbox is not in sync with the Podfile.lock. Run 'pod install' or update your CocoaPods installation.\" >&2\n    exit 1\nfi\n# This output is used by Xcode 'outputs' to avoid re-running this script phase.\necho \"SUCCESS\" > \"${SCRIPT_OUTPUT_FILE_0}\"\n";
			showEnvVarsInLog = 0;
		};
/* End PBXShellScriptBuildPhase section */

/* Begin PBXSourcesBuildPhase section */
		7AF651602250F7A000C7DAB9 /* Sources */ = {
			isa = PBXSourcesBuildPhase;
			buildActionMask = 2147483647;
			files = (
				7AF6516A2250F7A000C7DAB9 /* ViewController.swift in Sources */,
				7AF651682250F7A000C7DAB9 /* AppDelegate.swift in Sources */,
				7ADD013F227B8BFB00F87953 /* DataStream.swift in Sources */,
			);
			runOnlyForDeploymentPostprocessing = 0;
		};
/* End PBXSourcesBuildPhase section */

/* Begin PBXVariantGroup section */
		7AF6516B2250F7A000C7DAB9 /* Main.storyboard */ = {
			isa = PBXVariantGroup;
			children = (
				7AF6516C2250F7A000C7DAB9 /* Base */,
			);
			name = Main.storyboard;
			sourceTree = "<group>";
		};
		7AF651702250F7A000C7DAB9 /* LaunchScreen.storyboard */ = {
			isa = PBXVariantGroup;
			children = (
				7AF651712250F7A000C7DAB9 /* Base */,
			);
			name = LaunchScreen.storyboard;
			sourceTree = "<group>";
		};
/* End PBXVariantGroup section */

/* Begin XCBuildConfiguration section */
		7AF651742250F7A000C7DAB9 /* Debug */ = {
			isa = XCBuildConfiguration;
			buildSettings = {
				ALWAYS_SEARCH_USER_PATHS = NO;
				CLANG_ANALYZER_NONNULL = YES;
				CLANG_ANALYZER_NUMBER_OBJECT_CONVERSION = YES_AGGRESSIVE;
				CLANG_CXX_LANGUAGE_STANDARD = "gnu++14";
				CLANG_CXX_LIBRARY = "libc++";
				CLANG_ENABLE_MODULES = YES;
				CLANG_ENABLE_OBJC_ARC = YES;
				CLANG_ENABLE_OBJC_WEAK = YES;
				CLANG_WARN_BLOCK_CAPTURE_AUTORELEASING = YES;
				CLANG_WARN_BOOL_CONVERSION = YES;
				CLANG_WARN_COMMA = YES;
				CLANG_WARN_CONSTANT_CONVERSION = YES;
				CLANG_WARN_DEPRECATED_OBJC_IMPLEMENTATIONS = YES;
				CLANG_WARN_DIRECT_OBJC_ISA_USAGE = YES_ERROR;
				CLANG_WARN_DOCUMENTATION_COMMENTS = YES;
				CLANG_WARN_EMPTY_BODY = YES;
				CLANG_WARN_ENUM_CONVERSION = YES;
				CLANG_WARN_INFINITE_RECURSION = YES;
				CLANG_WARN_INT_CONVERSION = YES;
				CLANG_WARN_NON_LITERAL_NULL_CONVERSION = YES;
				CLANG_WARN_OBJC_IMPLICIT_RETAIN_SELF = YES;
				CLANG_WARN_OBJC_LITERAL_CONVERSION = YES;
				CLANG_WARN_OBJC_ROOT_CLASS = YES_ERROR;
				CLANG_WARN_RANGE_LOOP_ANALYSIS = YES;
				CLANG_WARN_STRICT_PROTOTYPES = YES;
				CLANG_WARN_SUSPICIOUS_MOVE = YES;
				CLANG_WARN_UNGUARDED_AVAILABILITY = YES_AGGRESSIVE;
				CLANG_WARN_UNREACHABLE_CODE = YES;
				CLANG_WARN__DUPLICATE_METHOD_MATCH = YES;
				CODE_SIGN_IDENTITY = "iPhone Developer";
				COPY_PHASE_STRIP = NO;
				DEBUG_INFORMATION_FORMAT = dwarf;
				ENABLE_STRICT_OBJC_MSGSEND = YES;
				ENABLE_TESTABILITY = YES;
				GCC_C_LANGUAGE_STANDARD = gnu11;
				GCC_DYNAMIC_NO_PIC = NO;
				GCC_NO_COMMON_BLOCKS = YES;
				GCC_OPTIMIZATION_LEVEL = 0;
				GCC_PREPROCESSOR_DEFINITIONS = (
					"DEBUG=1",
					"$(inherited)",
				);
				GCC_WARN_64_TO_32_BIT_CONVERSION = YES;
				GCC_WARN_ABOUT_RETURN_TYPE = YES_ERROR;
				GCC_WARN_UNDECLARED_SELECTOR = YES;
				GCC_WARN_UNINITIALIZED_AUTOS = YES_AGGRESSIVE;
				GCC_WARN_UNUSED_FUNCTION = YES;
				GCC_WARN_UNUSED_VARIABLE = YES;
				IPHONEOS_DEPLOYMENT_TARGET = 12.1;
				MTL_ENABLE_DEBUG_INFO = INCLUDE_SOURCE;
				MTL_FAST_MATH = YES;
				ONLY_ACTIVE_ARCH = YES;
				SDKROOT = iphoneos;
				SWIFT_ACTIVE_COMPILATION_CONDITIONS = DEBUG;
				SWIFT_OPTIMIZATION_LEVEL = "-Onone";
			};
			name = Debug;
		};
		7AF651752250F7A000C7DAB9 /* Release */ = {
			isa = XCBuildConfiguration;
			buildSettings = {
				ALWAYS_SEARCH_USER_PATHS = NO;
				CLANG_ANALYZER_NONNULL = YES;
				CLANG_ANALYZER_NUMBER_OBJECT_CONVERSION = YES_AGGRESSIVE;
				CLANG_CXX_LANGUAGE_STANDARD = "gnu++14";
				CLANG_CXX_LIBRARY = "libc++";
				CLANG_ENABLE_MODULES = YES;
				CLANG_ENABLE_OBJC_ARC = YES;
				CLANG_ENABLE_OBJC_WEAK = YES;
				CLANG_WARN_BLOCK_CAPTURE_AUTORELEASING = YES;
				CLANG_WARN_BOOL_CONVERSION = YES;
				CLANG_WARN_COMMA = YES;
				CLANG_WARN_CONSTANT_CONVERSION = YES;
				CLANG_WARN_DEPRECATED_OBJC_IMPLEMENTATIONS = YES;
				CLANG_WARN_DIRECT_OBJC_ISA_USAGE = YES_ERROR;
				CLANG_WARN_DOCUMENTATION_COMMENTS = YES;
				CLANG_WARN_EMPTY_BODY = YES;
				CLANG_WARN_ENUM_CONVERSION = YES;
				CLANG_WARN_INFINITE_RECURSION = YES;
				CLANG_WARN_INT_CONVERSION = YES;
				CLANG_WARN_NON_LITERAL_NULL_CONVERSION = YES;
				CLANG_WARN_OBJC_IMPLICIT_RETAIN_SELF = YES;
				CLANG_WARN_OBJC_LITERAL_CONVERSION = YES;
				CLANG_WARN_OBJC_ROOT_CLASS = YES_ERROR;
				CLANG_WARN_RANGE_LOOP_ANALYSIS = YES;
				CLANG_WARN_STRICT_PROTOTYPES = YES;
				CLANG_WARN_SUSPICIOUS_MOVE = YES;
				CLANG_WARN_UNGUARDED_AVAILABILITY = YES_AGGRESSIVE;
				CLANG_WARN_UNREACHABLE_CODE = YES;
				CLANG_WARN__DUPLICATE_METHOD_MATCH = YES;
				CODE_SIGN_IDENTITY = "iPhone Developer";
				COPY_PHASE_STRIP = NO;
				DEBUG_INFORMATION_FORMAT = "dwarf-with-dsym";
				ENABLE_NS_ASSERTIONS = NO;
				ENABLE_STRICT_OBJC_MSGSEND = YES;
				GCC_C_LANGUAGE_STANDARD = gnu11;
				GCC_NO_COMMON_BLOCKS = YES;
				GCC_WARN_64_TO_32_BIT_CONVERSION = YES;
				GCC_WARN_ABOUT_RETURN_TYPE = YES_ERROR;
				GCC_WARN_UNDECLARED_SELECTOR = YES;
				GCC_WARN_UNINITIALIZED_AUTOS = YES_AGGRESSIVE;
				GCC_WARN_UNUSED_FUNCTION = YES;
				GCC_WARN_UNUSED_VARIABLE = YES;
				IPHONEOS_DEPLOYMENT_TARGET = 12.1;
				MTL_ENABLE_DEBUG_INFO = NO;
				MTL_FAST_MATH = YES;
				SDKROOT = iphoneos;
				SWIFT_COMPILATION_MODE = wholemodule;
				SWIFT_OPTIMIZATION_LEVEL = "-O";
				VALIDATE_PRODUCT = YES;
			};
			name = Release;
		};
		7AF651772250F7A000C7DAB9 /* Debug */ = {
			isa = XCBuildConfiguration;
			baseConfigurationReference = F86D8CDC7389D7D4CFBE4A37 /* Pods-FinWS.debug.xcconfig */;
			buildSettings = {
				ASSETCATALOG_COMPILER_APPICON_NAME = AppIcon;
				CODE_SIGN_STYLE = Automatic;
				INFOPLIST_FILE = FinWS/Info.plist;
				LD_RUNPATH_SEARCH_PATHS = (
					"$(inherited)",
					"@executable_path/Frameworks",
				);
				PRODUCT_BUNDLE_IDENTIFIER = org.d214.jhhs.619503.FinWS;
				PRODUCT_NAME = "$(TARGET_NAME)";
				SWIFT_VERSION = 4.2;
				TARGETED_DEVICE_FAMILY = "1,2";
			};
			name = Debug;
		};
		7AF651782250F7A000C7DAB9 /* Release */ = {
			isa = XCBuildConfiguration;
			baseConfigurationReference = 12E0C7D4255E6D62CBE73B2B /* Pods-FinWS.release.xcconfig */;
			buildSettings = {
				ASSETCATALOG_COMPILER_APPICON_NAME = AppIcon;
				CODE_SIGN_STYLE = Automatic;
				INFOPLIST_FILE = FinWS/Info.plist;
				LD_RUNPATH_SEARCH_PATHS = (
					"$(inherited)",
					"@executable_path/Frameworks",
				);
				PRODUCT_BUNDLE_IDENTIFIER = org.d214.jhhs.619503.FinWS;
				PRODUCT_NAME = "$(TARGET_NAME)";
				SWIFT_VERSION = 4.2;
				TARGETED_DEVICE_FAMILY = "1,2";
			};
			name = Release;
		};
/* End XCBuildConfiguration section */

/* Begin XCConfigurationList section */
		7AF6515F2250F7A000C7DAB9 /* Build configuration list for PBXProject "FinWS" */ = {
			isa = XCConfigurationList;
			buildConfigurations = (
				7AF651742250F7A000C7DAB9 /* Debug */,
				7AF651752250F7A000C7DAB9 /* Release */,
			);
			defaultConfigurationIsVisible = 0;
			defaultConfigurationName = Release;
		};
		7AF651762250F7A000C7DAB9 /* Build configuration list for PBXNativeTarget "FinWS" */ = {
			isa = XCConfigurationList;
			buildConfigurations = (
				7AF651772250F7A000C7DAB9 /* Debug */,
				7AF651782250F7A000C7DAB9 /* Release */,
			);
			defaultConfigurationIsVisible = 0;
			defaultConfigurationName = Release;
		};
/* End XCConfigurationList section */
	};
	rootObject = 7AF6515C2250F7A000C7DAB9 /* Project object */;
}
